
Microsoft Visual Studio Solution File, Format Version 12.00
# Visual Studio Version 16
VisualStudioVersion = 16.0.30204.135
MinimumVisualStudioVersion = 10.0.40219.1
Project("{FAE04EC0-301F-11D3-BF4B-00C04F79EFBC}") = "View", "View\View.csproj", "{0E17C938-324A-4C78-B4B6-B760A3C07905}"
EndProject
Project("{9A19103F-16F7-4668-BE54-9A1E7A4F7556}") = "Model", "Model\Model.csproj", "{0A83D068-AF79-4E56-A0FB-8C84ACFE8656}"
EndProject
Project("{9A19103F-16F7-4668-BE54-9A1E7A4F7556}") = "Controller", "Controller\Controller.csproj", "{EAF5C77F-720A-4E14-B0D8-CAA7DC398EC2}"
EndProject
Project("{9A19103F-16F7-4668-BE54-9A1E7A4F7556}") = "Database", "Database\Database.csproj", "{0E73DE84-46E1-4CA7-BF30-E23CF7408332}"
EndProject
Project("{9A19103F-16F7-4668-BE54-9A1E7A4F7556}") = "Helper", "Helper\Helper.csproj", "{99AA831D-3A0B-43C2-A87D-388B7EDF5DBC}"
EndProject
Project("{9A19103F-16F7-4668-BE54-9A1E7A4F7556}") = "Interface", "Interface\Interface.csproj", "{5028AE34-9CEC-4607-88BD-ECBF0EFA84B7}"
EndProject
Project("{FAE04EC0-301F-11D3-BF4B-00C04F79EFBC}") = "Event", "Event\Event.csproj", "{BC979489-C742-4D57-AB68-7C4FFD2CCEB6}"
EndProject
Global
	GlobalSection(SolutionConfigurationPlatforms) = preSolution
		Debug|Any CPU = Debug|Any CPU
		Debug|x64 = Debug|x64
		Debug|x86 = Debug|x86
		Release|Any CPU = Release|Any CPU
		Release|x64 = Release|x64
		Release|x86 = Release|x86
		Test|Any CPU = Test|Any CPU
		Test|x64 = Test|x64
		Test|x86 = Test|x86
	EndGlobalSection
	GlobalSection(ProjectConfigurationPlatforms) = postSolution
		{0E17C938-324A-4C78-B4B6-B760A3C07905}.Debug|Any CPU.ActiveCfg = Debug|Any CPU
		{0E17C938-324A-4C78-B4B6-B760A3C07905}.Debug|Any CPU.Build.0 = Debug|Any CPU
		{0E17C938-324A-4C78-B4B6-B760A3C07905}.Debug|x64.ActiveCfg = Debug|x64
		{0E17C938-324A-4C78-B4B6-B760A3C07905}.Debug|x64.Build.0 = Debug|x64
		{0E17C938-324A-4C78-B4B6-B760A3C07905}.Debug|x86.ActiveCfg = Debug|x86
		{0E17C938-324A-4C78-B4B6-B760A3C07905}.Debug|x86.Build.0 = Debug|x86
		{0E17C938-324A-4C78-B4B6-B760A3C07905}.Release|Any CPU.ActiveCfg = Release|Any CPU
		{0E17C938-324A-4C78-B4B6-B760A3C07905}.Release|Any CPU.Build.0 = Release|Any CPU
		{0E17C938-324A-4C78-B4B6-B760A3C07905}.Release|x64.ActiveCfg = Release|x64
		{0E17C938-324A-4C78-B4B6-B760A3C07905}.Release|x64.Build.0 = Release|x64
		{0E17C938-324A-4C78-B4B6-B760A3C07905}.Release|x86.ActiveCfg = Release|x86
		{0E17C938-324A-4C78-B4B6-B760A3C07905}.Release|x86.Build.0 = Release|x86
		{0E17C938-324A-4C78-B4B6-B760A3C07905}.Test|Any CPU.ActiveCfg = Test|Any CPU
		{0E17C938-324A-4C78-B4B6-B760A3C07905}.Test|Any CPU.Build.0 = Test|Any CPU
		{0E17C938-324A-4C78-B4B6-B760A3C07905}.Test|x64.ActiveCfg = Test|x64
		{0E17C938-324A-4C78-B4B6-B760A3C07905}.Test|x64.Build.0 = Test|x64
		{0E17C938-324A-4C78-B4B6-B760A3C07905}.Test|x86.ActiveCfg = Test|x86
		{0E17C938-324A-4C78-B4B6-B760A3C07905}.Test|x86.Build.0 = Test|x86
		{0A83D068-AF79-4E56-A0FB-8C84ACFE8656}.Debug|Any CPU.ActiveCfg = Debug|Any CPU
		{0A83D068-AF79-4E56-A0FB-8C84ACFE8656}.Debug|Any CPU.Build.0 = Debug|Any CPU
		{0A83D068-AF79-4E56-A0FB-8C84ACFE8656}.Debug|x64.ActiveCfg = Debug|x64
		{0A83D068-AF79-4E56-A0FB-8C84ACFE8656}.Debug|x64.Build.0 = Debug|x64
		{0A83D068-AF79-4E56-A0FB-8C84ACFE8656}.Debug|x86.ActiveCfg = Debug|x86
		{0A83D068-AF79-4E56-A0FB-8C84ACFE8656}.Debug|x86.Build.0 = Debug|x86
		{0A83D068-AF79-4E56-A0FB-8C84ACFE8656}.Release|Any CPU.ActiveCfg = Release|Any CPU
		{0A83D068-AF79-4E56-A0FB-8C84ACFE8656}.Release|Any CPU.Build.0 = Release|Any CPU
		{0A83D068-AF79-4E56-A0FB-8C84ACFE8656}.Release|x64.ActiveCfg = Release|x64
		{0A83D068-AF79-4E56-A0FB-8C84ACFE8656}.Release|x64.Build.0 = Release|x64
		{0A83D068-AF79-4E56-A0FB-8C84ACFE8656}.Release|x86.ActiveCfg = Release|x86
		{0A83D068-AF79-4E56-A0FB-8C84ACFE8656}.Release|x86.Build.0 = Release|x86
		{0A83D068-AF79-4E56-A0FB-8C84ACFE8656}.Test|Any CPU.ActiveCfg = Test|Any CPU
		{0A83D068-AF79-4E56-A0FB-8C84ACFE8656}.Test|Any CPU.Build.0 = Test|Any CPU
		{0A83D068-AF79-4E56-A0FB-8C84ACFE8656}.Test|x64.ActiveCfg = Test|x64
		{0A83D068-AF79-4E56-A0FB-8C84ACFE8656}.Test|x64.Build.0 = Test|x64
		{0A83D068-AF79-4E56-A0FB-8C84ACFE8656}.Test|x86.ActiveCfg = Test|x86
		{0A83D068-AF79-4E56-A0FB-8C84ACFE8656}.Test|x86.Build.0 = Test|x86
		{EAF5C77F-720A-4E14-B0D8-CAA7DC398EC2}.Debug|Any CPU.ActiveCfg = Debug|Any CPU
		{EAF5C77F-720A-4E14-B0D8-CAA7DC398EC2}.Debug|Any CPU.Build.0 = Debug|Any CPU
		{EAF5C77F-720A-4E14-B0D8-CAA7DC398EC2}.Debug|x64.ActiveCfg = Debug|x64
		{EAF5C77F-720A-4E14-B0D8-CAA7DC398EC2}.Debug|x64.Build.0 = Debug|x64
		{EAF5C77F-720A-4E14-B0D8-CAA7DC398EC2}.Debug|x86.ActiveCfg = Debug|x86
		{EAF5C77F-720A-4E14-B0D8-CAA7DC398EC2}.Debug|x86.Build.0 = Debug|x86
		{EAF5C77F-720A-4E14-B0D8-CAA7DC398EC2}.Release|Any CPU.ActiveCfg = Release|Any CPU
		{EAF5C77F-720A-4E14-B0D8-CAA7DC398EC2}.Release|Any CPU.Build.0 = Release|Any CPU
		{EAF5C77F-720A-4E14-B0D8-CAA7DC398EC2}.Release|x64.ActiveCfg = Release|x64
		{EAF5C77F-720A-4E14-B0D8-CAA7DC398EC2}.Release|x64.Build.0 = Release|x64
		{EAF5C77F-720A-4E14-B0D8-CAA7DC398EC2}.Release|x86.ActiveCfg = Release|x86
		{EAF5C77F-720A-4E14-B0D8-CAA7DC398EC2}.Release|x86.Build.0 = Release|x86
		{EAF5C77F-720A-4E14-B0D8-CAA7DC398EC2}.Test|Any CPU.ActiveCfg = Test|Any CPU
		{EAF5C77F-720A-4E14-B0D8-CAA7DC398EC2}.Test|Any CPU.Build.0 = Test|Any CPU
		{EAF5C77F-720A-4E14-B0D8-CAA7DC398EC2}.Test|x64.ActiveCfg = Test|x64
		{EAF5C77F-720A-4E14-B0D8-CAA7DC398EC2}.Test|x64.Build.0 = Test|x64
		{EAF5C77F-720A-4E14-B0D8-CAA7DC398EC2}.Test|x86.ActiveCfg = Test|x86
		{EAF5C77F-720A-4E14-B0D8-CAA7DC398EC2}.Test|x86.Build.0 = Test|x86
		{0E73DE84-46E1-4CA7-BF30-E23CF7408332}.Debug|Any CPU.ActiveCfg = Debug|Any CPU
		{0E73DE84-46E1-4CA7-BF30-E23CF7408332}.Debug|Any CPU.Build.0 = Debug|Any CPU
		{0E73DE84-46E1-4CA7-BF30-E23CF7408332}.Debug|x64.ActiveCfg = Debug|x64
		{0E73DE84-46E1-4CA7-BF30-E23CF7408332}.Debug|x64.Build.0 = Debug|x64
		{0E73DE84-46E1-4CA7-BF30-E23CF7408332}.Debug|x86.ActiveCfg = Debug|x86
		{0E73DE84-46E1-4CA7-BF30-E23CF7408332}.Debug|x86.Build.0 = Debug|x86
		{0E73DE84-46E1-4CA7-BF30-E23CF7408332}.Release|Any CPU.ActiveCfg = Release|Any CPU
		{0E73DE84-46E1-4CA7-BF30-E23CF7408332}.Release|Any CPU.Build.0 = Release|Any CPU
		{0E73DE84-46E1-4CA7-BF30-E23CF7408332}.Release|x64.ActiveCfg = Release|x64
		{0E73DE84-46E1-4CA7-BF30-E23CF7408332}.Release|x64.Build.0 = Release|x64
		{0E73DE84-46E1-4CA7-BF30-E23CF7408332}.Release|x86.ActiveCfg = Release|x86
		{0E73DE84-46E1-4CA7-BF30-E23CF7408332}.Release|x86.Build.0 = Release|x86
		{0E73DE84-46E1-4CA7-BF30-E23CF7408332}.Test|Any CPU.ActiveCfg = Test|Any CPU
		{0E73DE84-46E1-4CA7-BF30-E23CF7408332}.Test|Any CPU.Build.0 = Test|Any CPU
		{0E73DE84-46E1-4CA7-BF30-E23CF7408332}.Test|x64.ActiveCfg = Test|x64
		{0E73DE84-46E1-4CA7-BF30-E23CF7408332}.Test|x64.Build.0 = Test|x64
		{0E73DE84-46E1-4CA7-BF30-E23CF7408332}.Test|x86.ActiveCfg = Test|x86
		{0E73DE84-46E1-4CA7-BF30-E23CF7408332}.Test|x86.Build.0 = Test|x86
		{99AA831D-3A0B-43C2-A87D-388B7EDF5DBC}.Debug|Any CPU.ActiveCfg = Debug|Any CPU
		{99AA831D-3A0B-43C2-A87D-388B7EDF5DBC}.Debug|Any CPU.Build.0 = Debug|Any CPU
		{99AA831D-3A0B-43C2-A87D-388B7EDF5DBC}.Debug|x64.ActiveCfg = Debug|Any CPU
		{99AA831D-3A0B-43C2-A87D-388B7EDF5DBC}.Debug|x64.Build.0 = Debug|Any CPU
		{99AA831D-3A0B-43C2-A87D-388B7EDF5DBC}.Debug|x86.ActiveCfg = Debug|Any CPU
		{99AA831D-3A0B-43C2-A87D-388B7EDF5DBC}.Debug|x86.Build.0 = Debug|Any CPU
		{99AA831D-3A0B-43C2-A87D-388B7EDF5DBC}.Release|Any CPU.ActiveCfg = Release|Any CPU
		{99AA831D-3A0B-43C2-A87D-388B7EDF5DBC}.Release|Any CPU.Build.0 = Release|Any CPU
		{99AA831D-3A0B-43C2-A87D-388B7EDF5DBC}.Release|x64.ActiveCfg = Release|Any CPU
		{99AA831D-3A0B-43C2-A87D-388B7EDF5DBC}.Release|x64.Build.0 = Release|Any CPU
		{99AA831D-3A0B-43C2-A87D-388B7EDF5DBC}.Release|x86.ActiveCfg = Release|Any CPU
		{99AA831D-3A0B-43C2-A87D-388B7EDF5DBC}.Release|x86.Build.0 = Release|Any CPU
		{99AA831D-3A0B-43C2-A87D-388B7EDF5DBC}.Test|Any CPU.ActiveCfg = Debug|Any CPU
		{99AA831D-3A0B-43C2-A87D-388B7EDF5DBC}.Test|Any CPU.Build.0 = Debug|Any CPU
		{99AA831D-3A0B-43C2-A87D-388B7EDF5DBC}.Test|x64.ActiveCfg = Debug|Any CPU
		{99AA831D-3A0B-43C2-A87D-388B7EDF5DBC}.Test|x64.Build.0 = Debug|Any CPU
		{99AA831D-3A0B-43C2-A87D-388B7EDF5DBC}.Test|x86.ActiveCfg = Debug|Any CPU
		{99AA831D-3A0B-43C2-A87D-388B7EDF5DBC}.Test|x86.Build.0 = Debug|Any CPU
		{5028AE34-9CEC-4607-88BD-ECBF0EFA84B7}.Debug|Any CPU.ActiveCfg = Debug|Any CPU
		{5028AE34-9CEC-4607-88BD-ECBF0EFA84B7}.Debug|Any CPU.Build.0 = Debug|Any CPU
		{5028AE34-9CEC-4607-88BD-ECBF0EFA84B7}.Debug|x64.ActiveCfg = Debug|Any CPU
		{5028AE34-9CEC-4607-88BD-ECBF0EFA84B7}.Debug|x64.Build.0 = Debug|Any CPU
		{5028AE34-9CEC-4607-88BD-ECBF0EFA84B7}.Debug|x86.ActiveCfg = Debug|Any CPU
		{5028AE34-9CEC-4607-88BD-ECBF0EFA84B7}.Debug|x86.Build.0 = Debug|Any CPU
		{5028AE34-9CEC-4607-88BD-ECBF0EFA84B7}.Release|Any CPU.ActiveCfg = Release|Any CPU
		{5028AE34-9CEC-4607-88BD-ECBF0EFA84B7}.Release|Any CPU.Build.0 = Release|Any CPU
		{5028AE34-9CEC-4607-88BD-ECBF0EFA84B7}.Release|x64.ActiveCfg = Release|Any CPU
		{5028AE34-9CEC-4607-88BD-ECBF0EFA84B7}.Release|x64.Build.0 = Release|Any CPU
		{5028AE34-9CEC-4607-88BD-ECBF0EFA84B7}.Release|x86.ActiveCfg = Release|Any CPU
		{5028AE34-9CEC-4607-88BD-ECBF0EFA84B7}.Release|x86.Build.0 = Release|Any CPU
		{5028AE34-9CEC-4607-88BD-ECBF0EFA84B7}.Test|Any CPU.ActiveCfg = Debug|Any CPU
		{5028AE34-9CEC-4607-88BD-ECBF0EFA84B7}.Test|Any CPU.Build.0 = Debug|Any CPU
		{5028AE34-9CEC-4607-88BD-ECBF0EFA84B7}.Test|x64.ActiveCfg = Debug|Any CPU
		{5028AE34-9CEC-4607-88BD-ECBF0EFA84B7}.Test|x64.Build.0 = Debug|Any CPU
		{5028AE34-9CEC-4607-88BD-ECBF0EFA84B7}.Test|x86.ActiveCfg = Debug|Any CPU
		{5028AE34-9CEC-4607-88BD-ECBF0EFA84B7}.Test|x86.Build.0 = Debug|Any CPU
		{BC979489-C742-4D57-AB68-7C4FFD2CCEB6}.Debug|Any CPU.ActiveCfg = Debug|Any CPU
		{BC979489-C742-4D57-AB68-7C4FFD2CCEB6}.Debug|Any CPU.Build.0 = Debug|Any CPU
		{BC979489-C742-4D57-AB68-7C4FFD2CCEB6}.Debug|x64.ActiveCfg = Debug|Any CPU
		{BC979489-C742-4D57-AB68-7C4FFD2CCEB6}.Debug|x64.Build.0 = Debug|Any CPU
		{BC979489-C742-4D57-AB68-7C4FFD2CCEB6}.Debug|x86.ActiveCfg = Debug|Any CPU
		{BC979489-C742-4D57-AB68-7C4FFD2CCEB6}.Debug|x86.Build.0 = Debug|Any CPU
		{BC979489-C742-4D57-AB68-7C4FFD2CCEB6}.Release|Any CPU.ActiveCfg = Release|Any CPU
		{BC979489-C742-4D57-AB68-7C4FFD2CCEB6}.Release|Any CPU.Build.0 = Release|Any CPU
		{BC979489-C742-4D57-AB68-7C4FFD2CCEB6}.Release|x64.ActiveCfg = Release|Any CPU
		{BC979489-C742-4D57-AB68-7C4FFD2CCEB6}.Release|x64.Build.0 = Release|Any CPU
		{BC979489-C742-4D57-AB68-7C4FFD2CCEB6}.Release|x86.ActiveCfg = Release|Any CPU
		{BC979489-C742-4D57-AB68-7C4FFD2CCEB6}.Release|x86.Build.0 = Release|Any CPU
		{BC979489-C742-4D57-AB68-7C4FFD2CCEB6}.Test|Any CPU.ActiveCfg = Debug|Any CPU
		{BC979489-C742-4D57-AB68-7C4FFD2CCEB6}.Test|Any CPU.Build.0 = Debug|Any CPU
		{BC979489-C742-4D57-AB68-7C4FFD2CCEB6}.Test|x64.ActiveCfg = Debug|Any CPU
		{BC979489-C742-4D57-AB68-7C4FFD2CCEB6}.Test|x64.Build.0 = Debug|Any CPU
		{BC979489-C742-4D57-AB68-7C4FFD2CCEB6}.Test|x86.ActiveCfg = Debug|Any CPU
		{BC979489-C742-4D57-AB68-7C4FFD2CCEB6}.Test|x86.Build.0 = Debug|Any CPU
	EndGlobalSection
	GlobalSection(SolutionProperties) = preSolution
		HideSolutionNode = FALSE
	EndGlobalSection
	GlobalSection(ExtensibilityGlobals) = postSolution
		SolutionGuid = {742725F2-247E-4797-97A3-2A3739720BD3}
	EndGlobalSection
EndGlobal
